schema: '2.0'
stages:
  data_ingestion:
    cmd: python src/cloner/pipeline/stage_01_data_ingestion.py
    deps:
    - path: config/config.yaml
      hash: md5
      md5: 78ff2106b8c1dc5c7f24f0425d07cc3b
      size: 1049
    - path: src/cloner/pipeline/stage_01_data_ingestion.py
      hash: md5
      md5: 3cc8c1ae51b3306cb9026402ff67cd9f
      size: 827
    outs:
    - path: artifacts/data_ingestion/LJSpeech-1.1
      hash: md5
      md5: 66c578c3b09a04952105849be554bf76.dir
      size: 183964344
      nfiles: 830
  data_preprocessing:
    cmd: python src/cloner/pipeline/stage_02_data_preprocessing.py
    deps:
    - path: config/config.yaml
      hash: md5
      md5: 78ff2106b8c1dc5c7f24f0425d07cc3b
      size: 1049
    - path: params.yaml
      hash: md5
      md5: c4a3f58a72f4f881e2a2e11989479f25
      size: 1163
    - path: src/cloner/pipeline/stage_02_data_preprocessing.py
      hash: md5
      md5: 9936ea696a341e5136a41296f3ad7b9c
      size: 857
    outs:
    - path: artifacts/data_preprocessing/processed_audio
      hash: md5
      md5: 3258bdf4083b21b370f6c4653597e27a.dir
      size: 115142272
      nfiles: 829
  model_training:
    cmd: python src/cloner/pipeline/stage_03_model_training.py
    deps:
    - path: config/config.yaml
      hash: md5
      md5: e1a9aed85e2f301d147368243f8f50c0
      size: 765
    - path: params.yaml
      hash: md5
      md5: b403b53001384ca31bd53d1ac6c7e488
      size: 1221
    - path: src/cloner/pipeline/stage_03_model_training.py
      hash: md5
      md5: 5f3c4f2c136cb23ee092243bf79dc79e
      size: 937
    outs:
    - path: artifacts/model_training/output
      hash: md5
      md5: 2376689c7f61f1e4d6e66eb7b6781403.dir
      size: 1997979140
      nfiles: 835
